
Microsoft Visual Studio Solution File, Format Version 12.00
# Visual Studio 15
VisualStudioVersion = 15.0.27130.2027
MinimumVisualStudioVersion = 10.0.40219.1
Project("{FAE04EC0-301F-11D3-BF4B-00C04F79EFBC}") = "Day5Workshop", "Day5Workshop\Day5Workshop.csproj", "{BC0C7476-3933-46D7-AB2B-92D73E0A351B}"
EndProject
Global
	GlobalSection(SolutionConfigurationPlatforms) = preSolution
		Debug|Any CPU = Debug|Any CPU
		Release|Any CPU = Release|Any CPU
	EndGlobalSection
	GlobalSection(ProjectConfigurationPlatforms) = postSolution
		{BC0C7476-3933-46D7-AB2B-92D73E0A351B}.Debug|Any CPU.ActiveCfg = Debug|Any CPU
		{BC0C7476-3933-46D7-AB2B-92D73E0A351B}.Debug|Any CPU.Build.0 = Debug|Any CPU
		{BC0C7476-3933-46D7-AB2B-92D73E0A351B}.Release|Any CPU.ActiveCfg = Release|Any CPU
		{BC0C7476-3933-46D7-AB2B-92D73E0A351B}.Release|Any CPU.Build.0 = Release|Any CPU
	EndGlobalSection
	GlobalSection(SolutionProperties) = preSolution
		HideSolutionNode = FALSE
	EndGlobalSection
	GlobalSection(ExtensibilityGlobals) = postSolution
		SolutionGuid = {1232512F-D6CA-4F35-858B-80C47662B352}
	EndGlobalSection
EndGlobal
